{
  "name": "kiota",
  "version": "3.2.2",
  "lockfileVersion": 3,
  "requires": true,
  "packages": {
    "": {
      "name": "kiota",
      "version": "3.2.2",
      "workspaces": [
        "packages/kiota-connection-core",
        "packages/kiota-connection-core-test",
        "packages/kiota-connection-http",
        "packages/kiota-connection-http-test",
        "packages/kiota-connection-manual",
        "packages/kiota-connection-manual-test",
        "packages/kiota-kiota-file-compose",
        "packages/kiota-kiota-file-compose-test",
        "packages/kiota-file-core",
        "packages/kiota-file-core-test",
        "packages/kiota-file-manager-core",
        "packages/kiota-file-manager-core-test",
        "packages/kiota-file-manager-system",
        "packages/kiota-file-manager-system-test",
        "packages/kiota-file-manager-virtual",
        "packages/kiota-file-manager-virtual-test",
        "packages/kiota-file-picker-core",
        "packages/kiota-file-picker-core-test",
        "packages/kiota-file-picker-system",
        "packages/kiota-file-picker-system-test",
        "packages/kiota-file-picker-virtual",
        "packages/kiota-file-picker-virtual-test",
        "packages/kiota-file-system",
        "packages/kiota-file-system-test",
        "packages/kiota-file-virtual",
        "packages/kiota-file-virtual-test",
        "packages/kiota-kiota-samples-browser",
        "packages/kiota-kiota-samples-browser-test",
        "packages/kiota-kiota-samples-shared",
        "packages/kiota-kiota-samples-shared-test",
        "packages/kiota-sse",
        "packages/kiota-sse-test",
        "packages/kiota-url",
        "packages/kiota-url-test",
        "packages_imported/cinematic-live-core/3.2.2",
        "packages_imported/ktor-ktor-client-core-wasm-js/3.2.2",
        "packages_imported/kommander-core/3.2.2",
        "packages_imported/kommander-coroutines/3.2.2",
        "packages_imported/skiko-wasm-js/0.9.4-2",
        "packages_imported/skiko-js-wasm-runtime/0.9.4-2",
        "packages_imported/kotlinx-interoperable-exports/3.2.2",
        "packages_imported/Kotlin-DateTime-library-kotlinx-datetime-wasm-js/0.6.0",
        "packages_imported/kase-optional/3.2.2",
        "packages_imported/kollections-primitive/3.2.2"
      ],
      "devDependencies": {}
    },
    "node_modules/@js-joda/core": {
      "version": "3.2.0",
      "resolved": "https://registry.npmjs.org/@js-joda/core/-/core-3.2.0.tgz",
      "integrity": "sha512-PMqgJ0sw5B7FKb2d5bWYIoxjri+QlW/Pys7+Rw82jSH0QN3rB05jZ/VrrsUdh1w4+i2kw9JOejXGq/KhDOX7Kg=="
    },
    "node_modules/cinematic-live-core": {
      "resolved": "packages_imported/cinematic-live-core/3.2.2",
      "link": true
    },
    "node_modules/format-util": {
      "version": "1.0.5",
      "resolved": "https://registry.npmjs.org/format-util/-/format-util-1.0.5.tgz",
      "integrity": "sha512-varLbTj0e0yVyRpqQhuWV+8hlePAgaoFRhNFj50BNjEIrw1/DphHSObtqwskVCPWNgzwPoQrZAbfa/SBiicNeg=="
    },
    "node_modules/kase-optional": {
      "resolved": "packages_imported/kase-optional/3.2.2",
      "link": true
    },
    "node_modules/kiota-connection-core": {
      "resolved": "packages/kiota-connection-core",
      "link": true
    },
    "node_modules/kiota-connection-core-test": {
      "resolved": "packages/kiota-connection-core-test",
      "link": true
    },
    "node_modules/kiota-connection-http": {
      "resolved": "packages/kiota-connection-http",
      "link": true
    },
    "node_modules/kiota-connection-http-test": {
      "resolved": "packages/kiota-connection-http-test",
      "link": true
    },
    "node_modules/kiota-connection-manual": {
      "resolved": "packages/kiota-connection-manual",
      "link": true
    },
    "node_modules/kiota-connection-manual-test": {
      "resolved": "packages/kiota-connection-manual-test",
      "link": true
    },
    "node_modules/kiota-file-core": {
      "resolved": "packages/kiota-file-core",
      "link": true
    },
    "node_modules/kiota-file-core-test": {
      "resolved": "packages/kiota-file-core-test",
      "link": true
    },
    "node_modules/kiota-file-manager-core": {
      "resolved": "packages/kiota-file-manager-core",
      "link": true
    },
    "node_modules/kiota-file-manager-core-test": {
      "resolved": "packages/kiota-file-manager-core-test",
      "link": true
    },
    "node_modules/kiota-file-manager-system": {
      "resolved": "packages/kiota-file-manager-system",
      "link": true
    },
    "node_modules/kiota-file-manager-system-test": {
      "resolved": "packages/kiota-file-manager-system-test",
      "link": true
    },
    "node_modules/kiota-file-manager-virtual": {
      "resolved": "packages/kiota-file-manager-virtual",
      "link": true
    },
    "node_modules/kiota-file-manager-virtual-test": {
      "resolved": "packages/kiota-file-manager-virtual-test",
      "link": true
    },
    "node_modules/kiota-file-picker-core": {
      "resolved": "packages/kiota-file-picker-core",
      "link": true
    },
    "node_modules/kiota-file-picker-core-test": {
      "resolved": "packages/kiota-file-picker-core-test",
      "link": true
    },
    "node_modules/kiota-file-picker-system": {
      "resolved": "packages/kiota-file-picker-system",
      "link": true
    },
    "node_modules/kiota-file-picker-system-test": {
      "resolved": "packages/kiota-file-picker-system-test",
      "link": true
    },
    "node_modules/kiota-file-picker-virtual": {
      "resolved": "packages/kiota-file-picker-virtual",
      "link": true
    },
    "node_modules/kiota-file-picker-virtual-test": {
      "resolved": "packages/kiota-file-picker-virtual-test",
      "link": true
    },
    "node_modules/kiota-file-system": {
      "resolved": "packages/kiota-file-system",
      "link": true
    },
    "node_modules/kiota-file-system-test": {
      "resolved": "packages/kiota-file-system-test",
      "link": true
    },
    "node_modules/kiota-file-virtual": {
      "resolved": "packages/kiota-file-virtual",
      "link": true
    },
    "node_modules/kiota-file-virtual-test": {
      "resolved": "packages/kiota-file-virtual-test",
      "link": true
    },
    "node_modules/kiota-kiota-file-compose": {
      "resolved": "packages/kiota-kiota-file-compose",
      "link": true
    },
    "node_modules/kiota-kiota-file-compose-test": {
      "resolved": "packages/kiota-kiota-file-compose-test",
      "link": true
    },
    "node_modules/kiota-kiota-samples-browser": {
      "resolved": "packages/kiota-kiota-samples-browser",
      "link": true
    },
    "node_modules/kiota-kiota-samples-browser-test": {
      "resolved": "packages/kiota-kiota-samples-browser-test",
      "link": true
    },
    "node_modules/kiota-kiota-samples-shared": {
      "resolved": "packages/kiota-kiota-samples-shared",
      "link": true
    },
    "node_modules/kiota-kiota-samples-shared-test": {
      "resolved": "packages/kiota-kiota-samples-shared-test",
      "link": true
    },
    "node_modules/kiota-sse": {
      "resolved": "packages/kiota-sse",
      "link": true
    },
    "node_modules/kiota-sse-test": {
      "resolved": "packages/kiota-sse-test",
      "link": true
    },
    "node_modules/kiota-url": {
      "resolved": "packages/kiota-url",
      "link": true
    },
    "node_modules/kiota-url-test": {
      "resolved": "packages/kiota-url-test",
      "link": true
    },
    "node_modules/kollections-primitive": {
      "resolved": "packages_imported/kollections-primitive/3.2.2",
      "link": true
    },
    "node_modules/kommander-core": {
      "resolved": "packages_imported/kommander-core/3.2.2",
      "link": true
    },
    "node_modules/kommander-coroutines": {
      "resolved": "packages_imported/kommander-coroutines/3.2.2",
      "link": true
    },
    "node_modules/Kotlin-DateTime-library-kotlinx-datetime-wasm-js": {
      "resolved": "packages_imported/Kotlin-DateTime-library-kotlinx-datetime-wasm-js/0.6.0",
      "link": true
    },
    "node_modules/kotlinx-interoperable-exports": {
      "resolved": "packages_imported/kotlinx-interoperable-exports/3.2.2",
      "link": true
    },
    "node_modules/ktor-ktor-client-core-wasm-js": {
      "resolved": "packages_imported/ktor-ktor-client-core-wasm-js/3.2.2",
      "link": true
    },
    "node_modules/skiko-js-wasm-runtime": {
      "resolved": "packages_imported/skiko-js-wasm-runtime/0.9.4-2",
      "link": true
    },
    "node_modules/skiko-wasm-js": {
      "resolved": "packages_imported/skiko-wasm-js/0.9.4-2",
      "link": true
    },
    "packages_imported/cinematic-live-core/3.2.2": {
      "name": "cinematic-live-core",
      "version": "3.2.2",
      "devDependencies": {}
    },
    "packages_imported/kase-optional/3.1.14": {
      "name": "kase-optional",
      "version": "3.1.14",
      "extraneous": true,
      "devDependencies": {}
    },
    "packages_imported/kase-optional/3.2.2": {
      "name": "kase-optional",
      "version": "3.2.2",
      "devDependencies": {}
    },
    "packages_imported/kollections-primitive/3.1.14": {
      "name": "kollections-primitive",
      "version": "3.1.14",
      "extraneous": true,
      "devDependencies": {}
    },
    "packages_imported/kollections-primitive/3.2.2": {
      "name": "kollections-primitive",
      "version": "3.2.2",
      "devDependencies": {}
    },
    "packages_imported/kommander-core/3.1.14": {
      "name": "kommander-core",
      "version": "3.1.14",
      "extraneous": true,
      "devDependencies": {}
    },
    "packages_imported/kommander-core/3.2.2": {
      "name": "kommander-core",
      "version": "3.2.2",
      "devDependencies": {}
    },
    "packages_imported/kommander-coroutines/3.2.2": {
      "name": "kommander-coroutines",
      "version": "3.2.2",
      "devDependencies": {}
    },
    "packages_imported/Kotlin-DateTime-library-kotlinx-datetime-wasm-js/0.6.0": {
      "name": "Kotlin-DateTime-library-kotlinx-datetime-wasm-js",
      "version": "0.6.0",
      "dependencies": {
        "@js-joda/core": "3.2.0",
        "format-util": "^1.0.5"
      },
      "devDependencies": {}
    },
    "packages_imported/kotlinx-interoperable-exports/3.1.14": {
      "name": "kotlinx-interoperable-exports",
      "version": "3.1.14",
      "extraneous": true,
      "devDependencies": {}
    },
    "packages_imported/kotlinx-interoperable-exports/3.2.2": {
      "name": "kotlinx-interoperable-exports",
      "version": "3.2.2",
      "devDependencies": {}
    },
    "packages_imported/ktor-ktor-client-core-wasm-js/3.2.2": {
      "name": "ktor-ktor-client-core-wasm-js",
      "version": "3.2.2",
      "dependencies": {
        "ws": "8.18.0"
      },
      "devDependencies": {}
    },
    "packages_imported/ktor-ktor-client-core-wasm-js/3.2.2/node_modules/ws": {
      "version": "8.18.0",
      "resolved": "https://registry.npmjs.org/ws/-/ws-8.18.0.tgz",
      "integrity": "sha512-8VbfWfHLbbwu3+N6OKsOMpBdT4kXPDDB9cJk2bJ6mh9ucxdlnNvH1e+roYkKmN9Nxw2yjz7VzeO9oOz2zJ04Pw==",
      "engines": {
        "node": ">=10.0.0"
      },
      "peerDependencies": {
        "bufferutil": "^4.0.1",
        "utf-8-validate": ">=5.0.2"
      },
      "peerDependenciesMeta": {
        "bufferutil": {
          "optional": true
        },
        "utf-8-validate": {
          "optional": true
        }
      }
    },
    "packages_imported/skiko-js-wasm-runtime/0.9.4-2": {
      "name": "skiko-js-wasm-runtime",
      "version": "0.9.4-2",
      "devDependencies": {}
    },
    "packages_imported/skiko-wasm-js/0.9.4-2": {
      "name": "skiko-wasm-js",
      "version": "0.9.4-2",
      "devDependencies": {}
    },
    "packages/kiota-connection-core": {
      "version": "0.0.0",
      "devDependencies": {}
    },
    "packages/kiota-connection-core-test": {
      "version": "0.0.0",
      "devDependencies": {}
    },
    "packages/kiota-connection-http": {
      "version": "0.0.0",
      "dependencies": {
        "ws": "8.18.0"
      },
      "devDependencies": {}
    },
    "packages/kiota-connection-http-test": {
      "version": "0.0.0",
      "dependencies": {
        "ws": "8.18.0"
      },
      "devDependencies": {}
    },
    "packages/kiota-connection-http-test/node_modules/ws": {
      "version": "8.18.0",
      "resolved": "https://registry.npmjs.org/ws/-/ws-8.18.0.tgz",
      "integrity": "sha512-8VbfWfHLbbwu3+N6OKsOMpBdT4kXPDDB9cJk2bJ6mh9ucxdlnNvH1e+roYkKmN9Nxw2yjz7VzeO9oOz2zJ04Pw==",
      "engines": {
        "node": ">=10.0.0"
      },
      "peerDependencies": {
        "bufferutil": "^4.0.1",
        "utf-8-validate": ">=5.0.2"
      },
      "peerDependenciesMeta": {
        "bufferutil": {
          "optional": true
        },
        "utf-8-validate": {
          "optional": true
        }
      }
    },
    "packages/kiota-connection-http/node_modules/ws": {
      "version": "8.18.0",
      "resolved": "https://registry.npmjs.org/ws/-/ws-8.18.0.tgz",
      "integrity": "sha512-8VbfWfHLbbwu3+N6OKsOMpBdT4kXPDDB9cJk2bJ6mh9ucxdlnNvH1e+roYkKmN9Nxw2yjz7VzeO9oOz2zJ04Pw==",
      "engines": {
        "node": ">=10.0.0"
      },
      "peerDependencies": {
        "bufferutil": "^4.0.1",
        "utf-8-validate": ">=5.0.2"
      },
      "peerDependenciesMeta": {
        "bufferutil": {
          "optional": true
        },
        "utf-8-validate": {
          "optional": true
        }
      }
    },
    "packages/kiota-connection-manual": {
      "version": "0.0.0",
      "devDependencies": {}
    },
    "packages/kiota-connection-manual-test": {
      "version": "0.0.0",
      "devDependencies": {}
    },
    "packages/kiota-file-core": {
      "version": "0.0.0",
      "devDependencies": {}
    },
    "packages/kiota-file-core-test": {
      "version": "0.0.0",
      "devDependencies": {}
    },
    "packages/kiota-file-manager-core": {
      "version": "0.0.0",
      "devDependencies": {}
    },
    "packages/kiota-file-manager-core-test": {
      "version": "0.0.0",
      "devDependencies": {}
    },
    "packages/kiota-file-manager-system": {
      "version": "0.0.0",
      "devDependencies": {}
    },
    "packages/kiota-file-manager-system-test": {
      "version": "0.0.0",
      "devDependencies": {}
    },
    "packages/kiota-file-manager-virtual": {
      "version": "0.0.0",
      "devDependencies": {}
    },
    "packages/kiota-file-manager-virtual-test": {
      "version": "0.0.0",
      "devDependencies": {}
    },
    "packages/kiota-file-picker-core": {
      "version": "0.0.0",
      "devDependencies": {}
    },
    "packages/kiota-file-picker-core-test": {
      "version": "0.0.0",
      "devDependencies": {}
    },
    "packages/kiota-file-picker-system": {
      "version": "0.0.0",
      "devDependencies": {}
    },
    "packages/kiota-file-picker-system-test": {
      "version": "0.0.0",
      "devDependencies": {}
    },
    "packages/kiota-file-picker-virtual": {
      "version": "0.0.0",
      "devDependencies": {}
    },
    "packages/kiota-file-picker-virtual-test": {
      "version": "0.0.0",
      "devDependencies": {}
    },
    "packages/kiota-file-system": {
      "version": "0.0.0",
      "devDependencies": {}
    },
    "packages/kiota-file-system-test": {
      "version": "0.0.0",
      "devDependencies": {}
    },
    "packages/kiota-file-virtual": {
      "version": "0.0.0",
      "devDependencies": {}
    },
    "packages/kiota-file-virtual-test": {
      "version": "0.0.0",
      "devDependencies": {}
    },
    "packages/kiota-kiota-file-compose": {
      "version": "0.0.0",
      "devDependencies": {}
    },
    "packages/kiota-kiota-file-compose-test": {
      "version": "0.0.0",
      "devDependencies": {}
    },
    "packages/kiota-kiota-samples-browser": {
      "version": "0.0.0",
      "dependencies": {
        "@js-joda/core": "3.2.0",
        "format-util": "^1.0.5"
      },
      "devDependencies": {}
    },
    "packages/kiota-kiota-samples-browser-test": {
      "version": "0.0.0",
      "dependencies": {
        "@js-joda/core": "3.2.0",
        "format-util": "^1.0.5"
      },
      "devDependencies": {}
    },
    "packages/kiota-kiota-samples-shared": {
      "version": "0.0.0",
      "dependencies": {
        "@js-joda/core": "3.2.0",
        "format-util": "^1.0.5"
      },
      "devDependencies": {}
    },
    "packages/kiota-kiota-samples-shared-test": {
      "version": "0.0.0",
      "dependencies": {
        "@js-joda/core": "3.2.0",
        "format-util": "^1.0.5"
      },
      "devDependencies": {}
    },
    "packages/kiota-sse": {
      "version": "0.0.0",
      "devDependencies": {}
    },
    "packages/kiota-sse-test": {
      "version": "0.0.0",
      "devDependencies": {}
    },
    "packages/kiota-url": {
      "version": "0.0.0",
      "devDependencies": {}
    },
    "packages/kiota-url-test": {
      "version": "0.0.0",
      "devDependencies": {}
    }
  }
}
